
Microsoft Visual Studio Solution File, Format Version 12.00
# TcXaeShell Solution File, Format Version 11.00
VisualStudioVersion = 15.0.33403.129
MinimumVisualStudioVersion = 10.0.40219.1
Project("{B1E792BE-AA5F-4E3C-8C82-674BF9C0715B}") = "save_image_to_afile", "save_image_to_afile\save_image_to_afile.tsproj", "{38C956F6-491F-46CE-8910-5A5CE8F04868}"
EndProject
Global
	GlobalSection(SolutionConfigurationPlatforms) = preSolution
		Debug|TwinCAT CE7 (ARMV7) = Debug|TwinCAT CE7 (ARMV7)
		Debug|TwinCAT OS (ARMT2) = Debug|TwinCAT OS (ARMT2)
		Debug|TwinCAT RT (x64) = Debug|TwinCAT RT (x64)
		Debug|TwinCAT RT (x86) = Debug|TwinCAT RT (x86)
		Release|TwinCAT CE7 (ARMV7) = Release|TwinCAT CE7 (ARMV7)
		Release|TwinCAT OS (ARMT2) = Release|TwinCAT OS (ARMT2)
		Release|TwinCAT RT (x64) = Release|TwinCAT RT (x64)
		Release|TwinCAT RT (x86) = Release|TwinCAT RT (x86)
	EndGlobalSection
	GlobalSection(ProjectConfigurationPlatforms) = postSolution
		{38C956F6-491F-46CE-8910-5A5CE8F04868}.Debug|TwinCAT CE7 (ARMV7).ActiveCfg = Debug|TwinCAT CE7 (ARMV7)
		{38C956F6-491F-46CE-8910-5A5CE8F04868}.Debug|TwinCAT CE7 (ARMV7).Build.0 = Debug|TwinCAT CE7 (ARMV7)
		{38C956F6-491F-46CE-8910-5A5CE8F04868}.Debug|TwinCAT OS (ARMT2).ActiveCfg = Debug|TwinCAT OS (ARMT2)
		{38C956F6-491F-46CE-8910-5A5CE8F04868}.Debug|TwinCAT OS (ARMT2).Build.0 = Debug|TwinCAT OS (ARMT2)
		{38C956F6-491F-46CE-8910-5A5CE8F04868}.Debug|TwinCAT RT (x64).ActiveCfg = Debug|TwinCAT RT (x64)
		{38C956F6-491F-46CE-8910-5A5CE8F04868}.Debug|TwinCAT RT (x64).Build.0 = Debug|TwinCAT RT (x64)
		{38C956F6-491F-46CE-8910-5A5CE8F04868}.Debug|TwinCAT RT (x86).ActiveCfg = Debug|TwinCAT RT (x86)
		{38C956F6-491F-46CE-8910-5A5CE8F04868}.Debug|TwinCAT RT (x86).Build.0 = Debug|TwinCAT RT (x86)
		{38C956F6-491F-46CE-8910-5A5CE8F04868}.Release|TwinCAT CE7 (ARMV7).ActiveCfg = Release|TwinCAT CE7 (ARMV7)
		{38C956F6-491F-46CE-8910-5A5CE8F04868}.Release|TwinCAT CE7 (ARMV7).Build.0 = Release|TwinCAT CE7 (ARMV7)
		{38C956F6-491F-46CE-8910-5A5CE8F04868}.Release|TwinCAT OS (ARMT2).ActiveCfg = Release|TwinCAT OS (ARMT2)
		{38C956F6-491F-46CE-8910-5A5CE8F04868}.Release|TwinCAT OS (ARMT2).Build.0 = Release|TwinCAT OS (ARMT2)
		{38C956F6-491F-46CE-8910-5A5CE8F04868}.Release|TwinCAT RT (x64).ActiveCfg = Release|TwinCAT RT (x64)
		{38C956F6-491F-46CE-8910-5A5CE8F04868}.Release|TwinCAT RT (x64).Build.0 = Release|TwinCAT RT (x64)
		{38C956F6-491F-46CE-8910-5A5CE8F04868}.Release|TwinCAT RT (x86).ActiveCfg = Release|TwinCAT RT (x86)
		{38C956F6-491F-46CE-8910-5A5CE8F04868}.Release|TwinCAT RT (x86).Build.0 = Release|TwinCAT RT (x86)
		{5B3C9CA7-1183-4DE1-8CA3-95C864A0EAD9}.Debug|TwinCAT CE7 (ARMV7).ActiveCfg = Debug|TwinCAT CE7 (ARMV7)
		{5B3C9CA7-1183-4DE1-8CA3-95C864A0EAD9}.Debug|TwinCAT CE7 (ARMV7).Build.0 = Debug|TwinCAT CE7 (ARMV7)
		{5B3C9CA7-1183-4DE1-8CA3-95C864A0EAD9}.Debug|TwinCAT OS (ARMT2).ActiveCfg = Debug|TwinCAT OS (ARMT2)
		{5B3C9CA7-1183-4DE1-8CA3-95C864A0EAD9}.Debug|TwinCAT OS (ARMT2).Build.0 = Debug|TwinCAT OS (ARMT2)
		{5B3C9CA7-1183-4DE1-8CA3-95C864A0EAD9}.Debug|TwinCAT RT (x64).ActiveCfg = Debug|TwinCAT RT (x64)
		{5B3C9CA7-1183-4DE1-8CA3-95C864A0EAD9}.Debug|TwinCAT RT (x64).Build.0 = Debug|TwinCAT RT (x64)
		{5B3C9CA7-1183-4DE1-8CA3-95C864A0EAD9}.Debug|TwinCAT RT (x86).ActiveCfg = Debug|TwinCAT RT (x86)
		{5B3C9CA7-1183-4DE1-8CA3-95C864A0EAD9}.Debug|TwinCAT RT (x86).Build.0 = Debug|TwinCAT RT (x86)
		{5B3C9CA7-1183-4DE1-8CA3-95C864A0EAD9}.Release|TwinCAT CE7 (ARMV7).ActiveCfg = Release|TwinCAT CE7 (ARMV7)
		{5B3C9CA7-1183-4DE1-8CA3-95C864A0EAD9}.Release|TwinCAT CE7 (ARMV7).Build.0 = Release|TwinCAT CE7 (ARMV7)
		{5B3C9CA7-1183-4DE1-8CA3-95C864A0EAD9}.Release|TwinCAT OS (ARMT2).ActiveCfg = Release|TwinCAT OS (ARMT2)
		{5B3C9CA7-1183-4DE1-8CA3-95C864A0EAD9}.Release|TwinCAT OS (ARMT2).Build.0 = Release|TwinCAT OS (ARMT2)
		{5B3C9CA7-1183-4DE1-8CA3-95C864A0EAD9}.Release|TwinCAT RT (x64).ActiveCfg = Release|TwinCAT RT (x64)
		{5B3C9CA7-1183-4DE1-8CA3-95C864A0EAD9}.Release|TwinCAT RT (x64).Build.0 = Release|TwinCAT RT (x64)
		{5B3C9CA7-1183-4DE1-8CA3-95C864A0EAD9}.Release|TwinCAT RT (x86).ActiveCfg = Release|TwinCAT RT (x86)
		{5B3C9CA7-1183-4DE1-8CA3-95C864A0EAD9}.Release|TwinCAT RT (x86).Build.0 = Release|TwinCAT RT (x86)
	EndGlobalSection
	GlobalSection(SolutionProperties) = preSolution
		HideSolutionNode = FALSE
	EndGlobalSection
	GlobalSection(ExtensibilityGlobals) = postSolution
		SolutionGuid = {FA97603C-77BA-4554-921E-9EE2D1055B42}
	EndGlobalSection
EndGlobal
